
Microsoft Visual Studio Solution File, Format Version 12.00
# Visual Studio Version 17
VisualStudioVersion = 17.9.34728.123
MinimumVisualStudioVersion = 10.0.40219.1
Project("{FAE04EC0-301F-11D3-BF4B-00C04F79EFBC}") = "CFA", "CFA\CFA.csproj", "{73F5104A-F4D2-4D4C-A09B-CD3E9E8A3CC6}"
EndProject
Global
	GlobalSection(SolutionConfigurationPlatforms) = preSolution
		Debug|Any CPU = Debug|Any CPU
		Release|Any CPU = Release|Any CPU
	EndGlobalSection
	GlobalSection(ProjectConfigurationPlatforms) = postSolution
		{73F5104A-F4D2-4D4C-A09B-CD3E9E8A3CC6}.Debug|Any CPU.ActiveCfg = Debug|Any CPU
		{73F5104A-F4D2-4D4C-A09B-CD3E9E8A3CC6}.Debug|Any CPU.Build.0 = Debug|Any CPU
		{73F5104A-F4D2-4D4C-A09B-CD3E9E8A3CC6}.Release|Any CPU.ActiveCfg = Release|Any CPU
		{73F5104A-F4D2-4D4C-A09B-CD3E9E8A3CC6}.Release|Any CPU.Build.0 = Release|Any CPU
	EndGlobalSection
	GlobalSection(SolutionProperties) = preSolution
		HideSolutionNode = FALSE
	EndGlobalSection
	GlobalSection(ExtensibilityGlobals) = postSolution
		SolutionGuid = {365B8EC8-383C-4F5C-99A4-0824F584C230}
	EndGlobalSection
EndGlobal
